
Microsoft Visual Studio Solution File, Format Version 12.00
# Visual Studio Version 16
VisualStudioVersion = 16.0.29926.136
MinimumVisualStudioVersion = 10.0.40219.1
Project("{FAE04EC0-301F-11D3-BF4B-00C04F79EFBC}") = "Pangu", "Pangu.csproj", "{FE4BEE2D-1F1F-430F-A99C-D1491CC1561B}"
EndProject
Global
	GlobalSection(SolutionConfigurationPlatforms) = preSolution
		Debug|Any CPU = Debug|Any CPU
		Release|Any CPU = Release|Any CPU
	EndGlobalSection
	GlobalSection(ProjectConfigurationPlatforms) = postSolution
		{FE4BEE2D-1F1F-430F-A99C-D1491CC1561B}.Debug|Any CPU.ActiveCfg = Debug|Any CPU
		{FE4BEE2D-1F1F-430F-A99C-D1491CC1561B}.Debug|Any CPU.Build.0 = Debug|Any CPU
		{FE4BEE2D-1F1F-430F-A99C-D1491CC1561B}.Release|Any CPU.ActiveCfg = Release|Any CPU
		{FE4BEE2D-1F1F-430F-A99C-D1491CC1561B}.Release|Any CPU.Build.0 = Release|Any CPU
	EndGlobalSection
	GlobalSection(SolutionProperties) = preSolution
		HideSolutionNode = FALSE
	EndGlobalSection
	GlobalSection(ExtensibilityGlobals) = postSolution
		SolutionGuid = {762E7223-48A3-44E9-A079-95568848207A}
	EndGlobalSection
EndGlobal
